
Microsoft Visual Studio Solution File, Format Version 12.00
# Visual Studio Version 17
VisualStudioVersion = 17.9.34728.123
MinimumVisualStudioVersion = 10.0.40219.1
Project("{FAE04EC0-301F-11D3-BF4B-00C04F79EFBC}") = "OOP_LR2", "OOP_LR2\OOP_LR2.csproj", "{0B984D9C-11F3-4AF1-9D62-553F809D51BB}"
EndProject
Global
	GlobalSection(SolutionConfigurationPlatforms) = preSolution
		Debug|Any CPU = Debug|Any CPU
		Release|Any CPU = Release|Any CPU
	EndGlobalSection
	GlobalSection(ProjectConfigurationPlatforms) = postSolution
		{0B984D9C-11F3-4AF1-9D62-553F809D51BB}.Debug|Any CPU.ActiveCfg = Debug|Any CPU
		{0B984D9C-11F3-4AF1-9D62-553F809D51BB}.Debug|Any CPU.Build.0 = Debug|Any CPU
		{0B984D9C-11F3-4AF1-9D62-553F809D51BB}.Release|Any CPU.ActiveCfg = Release|Any CPU
		{0B984D9C-11F3-4AF1-9D62-553F809D51BB}.Release|Any CPU.Build.0 = Release|Any CPU
	EndGlobalSection
	GlobalSection(SolutionProperties) = preSolution
		HideSolutionNode = FALSE
	EndGlobalSection
	GlobalSection(ExtensibilityGlobals) = postSolution
		SolutionGuid = {8434B67E-4B38-4D21-92B5-6A27C8FC8BB0}
	EndGlobalSection
EndGlobal
